
Microsoft Visual Studio Solution File, Format Version 12.00
# Visual Studio Version 17
VisualStudioVersion = 17.0.31903.59
MinimumVisualStudioVersion = 10.0.40219.1
Project("{FAE04EC0-301F-11D3-BF4B-00C04F79EFBC}") = "OpenDataService.Web", "OpenDataService.Web\OpenDataService.Web.csproj", "{D7DA1F75-C35F-4B48-8399-99736DD6A696}"
EndProject
Project("{FAE04EC0-301F-11D3-BF4B-00C04F79EFBC}") = "OpenDataService.Tests", "OpenDataService.Tests\OpenDataService.Tests.csproj", "{CBE10A1D-AED1-4FA6-9C8E-140E195BBD5B}"
EndProject
Project("{FAE04EC0-301F-11D3-BF4B-00C04F79EFBC}") = "OpenDataService.DataSources", "OpenDataService.DataSources\OpenDataService.DataSources.csproj", "{3D8CC889-7102-44AF-84D8-F4A08EF36612}"
EndProject
Project("{FAE04EC0-301F-11D3-BF4B-00C04F79EFBC}") = "OpenDataService.DataSources.Excel", "OpenDataService.DataSources.Excel\OpenDataService.DataSources.Excel.csproj", "{D601D198-ED71-4838-9EF8-ADF54C552B16}"
EndProject
Project("{FAE04EC0-301F-11D3-BF4B-00C04F79EFBC}") = "OpenDataService.DataSources.Csv", "OpenDataService.DataSources.Csv\OpenDataService.DataSources.Csv.csproj", "{ED79EE73-49A4-4C15-BA78-3E29F8258065}"
EndProject
Project("{FAE04EC0-301F-11D3-BF4B-00C04F79EFBC}") = "OpenDataService.Api.OData", "OpenDataService.Api.OData\OpenDataService.Api.OData.csproj", "{326A1158-E2E8-47CC-B558-4AB090CA98ED}"
EndProject
Global
	GlobalSection(SolutionConfigurationPlatforms) = preSolution
		Debug|Any CPU = Debug|Any CPU
		Release|Any CPU = Release|Any CPU
	EndGlobalSection
	GlobalSection(SolutionProperties) = preSolution
		HideSolutionNode = FALSE
	EndGlobalSection
	GlobalSection(ProjectConfigurationPlatforms) = postSolution
		{D7DA1F75-C35F-4B48-8399-99736DD6A696}.Debug|Any CPU.ActiveCfg = Debug|Any CPU
		{D7DA1F75-C35F-4B48-8399-99736DD6A696}.Debug|Any CPU.Build.0 = Debug|Any CPU
		{D7DA1F75-C35F-4B48-8399-99736DD6A696}.Release|Any CPU.ActiveCfg = Release|Any CPU
		{D7DA1F75-C35F-4B48-8399-99736DD6A696}.Release|Any CPU.Build.0 = Release|Any CPU
		{CBE10A1D-AED1-4FA6-9C8E-140E195BBD5B}.Debug|Any CPU.ActiveCfg = Debug|Any CPU
		{CBE10A1D-AED1-4FA6-9C8E-140E195BBD5B}.Debug|Any CPU.Build.0 = Debug|Any CPU
		{CBE10A1D-AED1-4FA6-9C8E-140E195BBD5B}.Release|Any CPU.ActiveCfg = Release|Any CPU
		{CBE10A1D-AED1-4FA6-9C8E-140E195BBD5B}.Release|Any CPU.Build.0 = Release|Any CPU
		{3D8CC889-7102-44AF-84D8-F4A08EF36612}.Debug|Any CPU.ActiveCfg = Debug|Any CPU
		{3D8CC889-7102-44AF-84D8-F4A08EF36612}.Debug|Any CPU.Build.0 = Debug|Any CPU
		{3D8CC889-7102-44AF-84D8-F4A08EF36612}.Release|Any CPU.ActiveCfg = Release|Any CPU
		{3D8CC889-7102-44AF-84D8-F4A08EF36612}.Release|Any CPU.Build.0 = Release|Any CPU
		{D601D198-ED71-4838-9EF8-ADF54C552B16}.Debug|Any CPU.ActiveCfg = Debug|Any CPU
		{D601D198-ED71-4838-9EF8-ADF54C552B16}.Debug|Any CPU.Build.0 = Debug|Any CPU
		{D601D198-ED71-4838-9EF8-ADF54C552B16}.Release|Any CPU.ActiveCfg = Release|Any CPU
		{D601D198-ED71-4838-9EF8-ADF54C552B16}.Release|Any CPU.Build.0 = Release|Any CPU
		{ED79EE73-49A4-4C15-BA78-3E29F8258065}.Debug|Any CPU.ActiveCfg = Debug|Any CPU
		{ED79EE73-49A4-4C15-BA78-3E29F8258065}.Debug|Any CPU.Build.0 = Debug|Any CPU
		{ED79EE73-49A4-4C15-BA78-3E29F8258065}.Release|Any CPU.ActiveCfg = Release|Any CPU
		{ED79EE73-49A4-4C15-BA78-3E29F8258065}.Release|Any CPU.Build.0 = Release|Any CPU
		{326A1158-E2E8-47CC-B558-4AB090CA98ED}.Debug|Any CPU.ActiveCfg = Debug|Any CPU
		{326A1158-E2E8-47CC-B558-4AB090CA98ED}.Debug|Any CPU.Build.0 = Debug|Any CPU
		{326A1158-E2E8-47CC-B558-4AB090CA98ED}.Release|Any CPU.ActiveCfg = Release|Any CPU
		{326A1158-E2E8-47CC-B558-4AB090CA98ED}.Release|Any CPU.Build.0 = Release|Any CPU
	EndGlobalSection
EndGlobal
